
Microsoft Visual Studio Solution File, Format Version 12.00
# Visual Studio Version 17
VisualStudioVersion = 17.7.34024.191
MinimumVisualStudioVersion = 10.0.40219.1
Project("{2150E333-8FDC-42A3-9474-1A3956D46DE8}") = "src", "src", "{D441EF38-A4D3-4182-81EC-8526F37CAEBE}"
EndProject
Project("{2150E333-8FDC-42A3-9474-1A3956D46DE8}") = "libraries", "libraries", "{07C4ED13-A10D-40DA-A9B5-45430D27E73C}"
EndProject
Project("{2150E333-8FDC-42A3-9474-1A3956D46DE8}") = "api", "api", "{7EE8ACB5-5415-4690-944F-008CB75D3A17}"
EndProject
Project("{2150E333-8FDC-42A3-9474-1A3956D46DE8}") = "core", "core", "{F44053EA-36AF-4001-A71E-4456A291EF3E}"
EndProject
Project("{2150E333-8FDC-42A3-9474-1A3956D46DE8}") = "infrastructure", "infrastructure", "{EF57F314-26DF-49F2-8A17-5F751DB12915}"
EndProject
Project("{9A19103F-16F7-4668-BE54-9A1E7A4F7556}") = "EventBud.Domain", "src\libraries\core\EventBud.Domain\EventBud.Domain.csproj", "{0A8B7B44-53C1-4567-9253-514A96B058A9}"
EndProject
Project("{9A19103F-16F7-4668-BE54-9A1E7A4F7556}") = "EventBud.Application", "src\libraries\core\EventBud.Application\EventBud.Application.csproj", "{9B422E3B-6DD3-4655-AC33-8254A3D40058}"
EndProject
Project("{9A19103F-16F7-4668-BE54-9A1E7A4F7556}") = "EventBud.Persistence", "src\libraries\infrastructure\EventBud.Persistence\EventBud.Persistence.csproj", "{06C53C44-317D-4ADF-AE1F-546C5B891F17}"
EndProject
Project("{9A19103F-16F7-4668-BE54-9A1E7A4F7556}") = "EventBud.Api", "src\api\EventBud.Api\EventBud.Api.csproj", "{7275DD7F-DED0-4A49-8DC2-50CDC1F79558}"
EndProject
Project("{9A19103F-16F7-4668-BE54-9A1E7A4F7556}") = "EventBud.Host", "src\api\EventBud.Host\EventBud.Host.csproj", "{6A12D1CC-D4D3-463F-995F-803CE19CC704}"
EndProject
Global
	GlobalSection(SolutionConfigurationPlatforms) = preSolution
		Debug|Any CPU = Debug|Any CPU
		Release|Any CPU = Release|Any CPU
	EndGlobalSection
	GlobalSection(ProjectConfigurationPlatforms) = postSolution
		{0A8B7B44-53C1-4567-9253-514A96B058A9}.Debug|Any CPU.ActiveCfg = Debug|Any CPU
		{0A8B7B44-53C1-4567-9253-514A96B058A9}.Debug|Any CPU.Build.0 = Debug|Any CPU
		{0A8B7B44-53C1-4567-9253-514A96B058A9}.Release|Any CPU.ActiveCfg = Release|Any CPU
		{0A8B7B44-53C1-4567-9253-514A96B058A9}.Release|Any CPU.Build.0 = Release|Any CPU
		{9B422E3B-6DD3-4655-AC33-8254A3D40058}.Debug|Any CPU.ActiveCfg = Debug|Any CPU
		{9B422E3B-6DD3-4655-AC33-8254A3D40058}.Debug|Any CPU.Build.0 = Debug|Any CPU
		{9B422E3B-6DD3-4655-AC33-8254A3D40058}.Release|Any CPU.ActiveCfg = Release|Any CPU
		{9B422E3B-6DD3-4655-AC33-8254A3D40058}.Release|Any CPU.Build.0 = Release|Any CPU
		{06C53C44-317D-4ADF-AE1F-546C5B891F17}.Debug|Any CPU.ActiveCfg = Debug|Any CPU
		{06C53C44-317D-4ADF-AE1F-546C5B891F17}.Debug|Any CPU.Build.0 = Debug|Any CPU
		{06C53C44-317D-4ADF-AE1F-546C5B891F17}.Release|Any CPU.ActiveCfg = Release|Any CPU
		{06C53C44-317D-4ADF-AE1F-546C5B891F17}.Release|Any CPU.Build.0 = Release|Any CPU
		{7275DD7F-DED0-4A49-8DC2-50CDC1F79558}.Debug|Any CPU.ActiveCfg = Debug|Any CPU
		{7275DD7F-DED0-4A49-8DC2-50CDC1F79558}.Debug|Any CPU.Build.0 = Debug|Any CPU
		{7275DD7F-DED0-4A49-8DC2-50CDC1F79558}.Release|Any CPU.ActiveCfg = Release|Any CPU
		{7275DD7F-DED0-4A49-8DC2-50CDC1F79558}.Release|Any CPU.Build.0 = Release|Any CPU
		{6A12D1CC-D4D3-463F-995F-803CE19CC704}.Debug|Any CPU.ActiveCfg = Debug|Any CPU
		{6A12D1CC-D4D3-463F-995F-803CE19CC704}.Debug|Any CPU.Build.0 = Debug|Any CPU
		{6A12D1CC-D4D3-463F-995F-803CE19CC704}.Release|Any CPU.ActiveCfg = Release|Any CPU
		{6A12D1CC-D4D3-463F-995F-803CE19CC704}.Release|Any CPU.Build.0 = Release|Any CPU
	EndGlobalSection
	GlobalSection(SolutionProperties) = preSolution
		HideSolutionNode = FALSE
	EndGlobalSection
	GlobalSection(NestedProjects) = preSolution
		{07C4ED13-A10D-40DA-A9B5-45430D27E73C} = {D441EF38-A4D3-4182-81EC-8526F37CAEBE}
		{7EE8ACB5-5415-4690-944F-008CB75D3A17} = {D441EF38-A4D3-4182-81EC-8526F37CAEBE}
		{F44053EA-36AF-4001-A71E-4456A291EF3E} = {07C4ED13-A10D-40DA-A9B5-45430D27E73C}
		{EF57F314-26DF-49F2-8A17-5F751DB12915} = {07C4ED13-A10D-40DA-A9B5-45430D27E73C}
		{0A8B7B44-53C1-4567-9253-514A96B058A9} = {F44053EA-36AF-4001-A71E-4456A291EF3E}
		{9B422E3B-6DD3-4655-AC33-8254A3D40058} = {F44053EA-36AF-4001-A71E-4456A291EF3E}
		{06C53C44-317D-4ADF-AE1F-546C5B891F17} = {EF57F314-26DF-49F2-8A17-5F751DB12915}
		{7275DD7F-DED0-4A49-8DC2-50CDC1F79558} = {7EE8ACB5-5415-4690-944F-008CB75D3A17}
		{6A12D1CC-D4D3-463F-995F-803CE19CC704} = {7EE8ACB5-5415-4690-944F-008CB75D3A17}
	EndGlobalSection
	GlobalSection(ExtensibilityGlobals) = postSolution
		SolutionGuid = {53AFBCC4-F832-4CA7-9ED1-C11BD3165DD4}
	EndGlobalSection
EndGlobal
