
Microsoft Visual Studio Solution File, Format Version 12.00
# Visual Studio Version 17
VisualStudioVersion = 17.7.34024.191
MinimumVisualStudioVersion = 10.0.40219.1
Project("{2150E333-8FDC-42A3-9474-1A3956D46DE8}") = "src", "src", "{D441EF38-A4D3-4182-81EC-8526F37CAEBE}"
EndProject
Project("{2150E333-8FDC-42A3-9474-1A3956D46DE8}") = "libraries", "libraries", "{07C4ED13-A10D-40DA-A9B5-45430D27E73C}"
EndProject
Project("{2150E333-8FDC-42A3-9474-1A3956D46DE8}") = "api", "api", "{7EE8ACB5-5415-4690-944F-008CB75D3A17}"
EndProject
Project("{FAE04EC0-301F-11D3-BF4B-00C04F79EFBC}") = "EventBud.Domain", "src\libraries\EventBud.Domain\EventBud.Domain.csproj", "{9C4E9F11-D470-4F90-BBC1-745F69F285F5}"
EndProject
Project("{FAE04EC0-301F-11D3-BF4B-00C04F79EFBC}") = "EventBud.Persistence", "src\libraries\EventBud.Persistence\EventBud.Persistence.csproj", "{6E6075DB-B3AD-401B-B49C-15D4462EB2DE}"
EndProject
Project("{FAE04EC0-301F-11D3-BF4B-00C04F79EFBC}") = "EventBud.Application", "src\libraries\EventBud.Application\EventBud.Application.csproj", "{11FEF8DE-54F7-4EE9-9E0F-57D8257861B9}"
EndProject
Project("{FAE04EC0-301F-11D3-BF4B-00C04F79EFBC}") = "EventBud.Api", "src\api\EventBud.Api\EventBud.Api.csproj", "{244F413A-1C39-4B4B-BC2C-DC537EC7FBAB}"
EndProject
Global
	GlobalSection(SolutionConfigurationPlatforms) = preSolution
		Debug|Any CPU = Debug|Any CPU
		Release|Any CPU = Release|Any CPU
	EndGlobalSection
	GlobalSection(ProjectConfigurationPlatforms) = postSolution
		{9C4E9F11-D470-4F90-BBC1-745F69F285F5}.Debug|Any CPU.ActiveCfg = Debug|Any CPU
		{9C4E9F11-D470-4F90-BBC1-745F69F285F5}.Debug|Any CPU.Build.0 = Debug|Any CPU
		{9C4E9F11-D470-4F90-BBC1-745F69F285F5}.Release|Any CPU.ActiveCfg = Release|Any CPU
		{9C4E9F11-D470-4F90-BBC1-745F69F285F5}.Release|Any CPU.Build.0 = Release|Any CPU
		{6E6075DB-B3AD-401B-B49C-15D4462EB2DE}.Debug|Any CPU.ActiveCfg = Debug|Any CPU
		{6E6075DB-B3AD-401B-B49C-15D4462EB2DE}.Debug|Any CPU.Build.0 = Debug|Any CPU
		{6E6075DB-B3AD-401B-B49C-15D4462EB2DE}.Release|Any CPU.ActiveCfg = Release|Any CPU
		{6E6075DB-B3AD-401B-B49C-15D4462EB2DE}.Release|Any CPU.Build.0 = Release|Any CPU
		{11FEF8DE-54F7-4EE9-9E0F-57D8257861B9}.Debug|Any CPU.ActiveCfg = Debug|Any CPU
		{11FEF8DE-54F7-4EE9-9E0F-57D8257861B9}.Debug|Any CPU.Build.0 = Debug|Any CPU
		{11FEF8DE-54F7-4EE9-9E0F-57D8257861B9}.Release|Any CPU.ActiveCfg = Release|Any CPU
		{11FEF8DE-54F7-4EE9-9E0F-57D8257861B9}.Release|Any CPU.Build.0 = Release|Any CPU
		{244F413A-1C39-4B4B-BC2C-DC537EC7FBAB}.Debug|Any CPU.ActiveCfg = Debug|Any CPU
		{244F413A-1C39-4B4B-BC2C-DC537EC7FBAB}.Debug|Any CPU.Build.0 = Debug|Any CPU
		{244F413A-1C39-4B4B-BC2C-DC537EC7FBAB}.Release|Any CPU.ActiveCfg = Release|Any CPU
		{244F413A-1C39-4B4B-BC2C-DC537EC7FBAB}.Release|Any CPU.Build.0 = Release|Any CPU
	EndGlobalSection
	GlobalSection(SolutionProperties) = preSolution
		HideSolutionNode = FALSE
	EndGlobalSection
	GlobalSection(NestedProjects) = preSolution
		{07C4ED13-A10D-40DA-A9B5-45430D27E73C} = {D441EF38-A4D3-4182-81EC-8526F37CAEBE}
		{7EE8ACB5-5415-4690-944F-008CB75D3A17} = {D441EF38-A4D3-4182-81EC-8526F37CAEBE}
		{9C4E9F11-D470-4F90-BBC1-745F69F285F5} = {07C4ED13-A10D-40DA-A9B5-45430D27E73C}
		{6E6075DB-B3AD-401B-B49C-15D4462EB2DE} = {07C4ED13-A10D-40DA-A9B5-45430D27E73C}
		{11FEF8DE-54F7-4EE9-9E0F-57D8257861B9} = {07C4ED13-A10D-40DA-A9B5-45430D27E73C}
		{244F413A-1C39-4B4B-BC2C-DC537EC7FBAB} = {7EE8ACB5-5415-4690-944F-008CB75D3A17}
	EndGlobalSection
	GlobalSection(ExtensibilityGlobals) = postSolution
		SolutionGuid = {53AFBCC4-F832-4CA7-9ED1-C11BD3165DD4}
	EndGlobalSection
EndGlobal
